{
  "lockfileVersion": 1,
  "configVersion": 0,
  "workspaces": {
    "": {
      "name": "microcms-cli",
      "dependencies": {
        "commander": "^12.0.0",
        "picocolors": "^1.0.0",
      },
      "devDependencies": {
        "@types/bun": "latest",
        "@types/node": "^24.10.13",
        "@typescript/native-preview": "^7.0.0-dev.20260220.1",
        "typescript": "^5.9.3",
      },
    },
  },
  "packages": {
    "@types/bun": ["@types/bun@1.3.1", "", { "dependencies": { "bun-types": "1.3.1" } }, "sha512-4jNMk2/K9YJtfqwoAa28c8wK+T7nvJFOjxI4h/7sORWcypRNxBpr+TPNaCfVWq70tLCJsqoFwcf0oI0JU/fvMQ=="],

    "@types/node": ["@types/node@24.10.13", "", { "dependencies": { "undici-types": "~7.16.0" } }, "sha512-oH72nZRfDv9lADUBSo104Aq7gPHpQZc4BTx38r9xf9pg5LfP6EzSyH2n7qFmmxRQXh7YlUXODcYsg6PuTDSxGg=="],

    "@types/react": ["@types/react@19.2.2", "", { "dependencies": { "csstype": "^3.0.2" } }, "sha512-6mDvHUFSjyT2B2yeNx2nUgMxh9LtOWvkhIU3uePn2I2oyNymUAX1NIsdgviM4CH+JSrp2D2hsMvJOkxY+0wNRA=="],

    "@typescript/native-preview": ["@typescript/native-preview@7.0.0-dev.20260220.1", "", { "optionalDependencies": { "@typescript/native-preview-darwin-arm64": "7.0.0-dev.20260220.1", "@typescript/native-preview-darwin-x64": "7.0.0-dev.20260220.1", "@typescript/native-preview-linux-arm": "7.0.0-dev.20260220.1", "@typescript/native-preview-linux-arm64": "7.0.0-dev.20260220.1", "@typescript/native-preview-linux-x64": "7.0.0-dev.20260220.1", "@typescript/native-preview-win32-arm64": "7.0.0-dev.20260220.1", "@typescript/native-preview-win32-x64": "7.0.0-dev.20260220.1" }, "bin": { "tsgo": "bin/tsgo.js" } }, "sha512-trYXlG98/C7Q7pqnPrKo+ksXrWqWVMncCy2x0VftD2llfL99Z//g2mpB9TmzWeKgb4d1659ESvxTowCGnzMccw=="],

    "@typescript/native-preview-darwin-arm64": ["@typescript/native-preview-darwin-arm64@7.0.0-dev.20260220.1", "", { "os": "darwin", "cpu": "arm64" }, "sha512-VZQHVaLYTpa3wfCLcFD5cfnegr4iDtzBxV6yh3tys+HYePi4TXuAqct/dmziW0cpCo/UQ2KqAPGxwVO3YMDYJA=="],

    "@typescript/native-preview-darwin-x64": ["@typescript/native-preview-darwin-x64@7.0.0-dev.20260220.1", "", { "os": "darwin", "cpu": "x64" }, "sha512-ieGtyz904rlme8YWauDpCqGbnOQQ5dzUyRKU25I7MNIaoZFf0vK5gMh3SLjHC7ayWxjrCa2ezH4ka8UmyWQcPg=="],

    "@typescript/native-preview-linux-arm": ["@typescript/native-preview-linux-arm@7.0.0-dev.20260220.1", "", { "os": "linux", "cpu": "arm" }, "sha512-wMA63N6XLAkO0Ibq1Qz2zkQHF6oLynYh5+q1YayzWxp1FOas0oJUdNgVbiWeisAT4IEI9SmYtVwJJNTm/cwrwg=="],

    "@typescript/native-preview-linux-arm64": ["@typescript/native-preview-linux-arm64@7.0.0-dev.20260220.1", "", { "os": "linux", "cpu": "arm64" }, "sha512-nlOOABSQUe6ix/KOsZS3ALZ/sg9rhtp6SKtQnXO8X4+2XUlwVYS6nIrAQ5jG4+OsCvcESttNeHhBw817uNrsuA=="],

    "@typescript/native-preview-linux-x64": ["@typescript/native-preview-linux-x64@7.0.0-dev.20260220.1", "", { "os": "linux", "cpu": "x64" }, "sha512-W7R/5ct/BGuPAmJuKFU0ZuLU2nzLA26XfoaoUHHoTLYRMMuY3LBv+7zKSUTlSGjayeWQ5KtDrfrY72LarWAXkQ=="],

    "@typescript/native-preview-win32-arm64": ["@typescript/native-preview-win32-arm64@7.0.0-dev.20260220.1", "", { "os": "win32", "cpu": "arm64" }, "sha512-FNXTr2lS1QLUB05jWjkBVwrDierNuxKduQq9ayloENJrsC8GfG1sXkfy8R021+ozP/D1LI/CFUn3hkB2vPXTsQ=="],

    "@typescript/native-preview-win32-x64": ["@typescript/native-preview-win32-x64@7.0.0-dev.20260220.1", "", { "os": "win32", "cpu": "x64" }, "sha512-byHRyf4dOuKOADrs43tWyPhmAgqk+XrA/XOsJnGsxUKxPwots+gf9x5kg/IxTbB3QjPsVe/V9QdMl3//sUTCmQ=="],

    "bun-types": ["bun-types@1.3.1", "", { "dependencies": { "@types/node": "*" }, "peerDependencies": { "@types/react": "^19" } }, "sha512-NMrcy7smratanWJ2mMXdpatalovtxVggkj11bScuWuiOoXTiKIu2eVS1/7qbyI/4yHedtsn175n4Sm4JcdHLXw=="],

    "commander": ["commander@12.1.0", "", {}, "sha512-Vw8qHK3bZM9y/P10u3Vib8o/DdkvA2OtPtZvD871QKjy74Wj1WSKFILMPRPSdUSx5RFK1arlJzEtA4PkFgnbuA=="],

    "csstype": ["csstype@3.1.3", "", {}, "sha512-M1uQkMl8rQK/szD0LNhtqxIPLpimGm8sOBwU7lLnCpSbTyY3yeU1Vc7l4KT5zT4s/yOxHH5O7tIuuLOCnLADRw=="],

    "picocolors": ["picocolors@1.1.1", "", {}, "sha512-xceH2snhtb5M9liqDsmEw56le376mTZkEX/jEb/RxNFyegNul7eNslCXP9FDj/Lcu0X8KEyMceP2ntpaHrDEVA=="],

    "typescript": ["typescript@5.9.3", "", { "bin": { "tsc": "bin/tsc", "tsserver": "bin/tsserver" } }, "sha512-jl1vZzPDinLr9eUt3J/t7V6FgNEw9QjvBPdysz9KfQDD41fQrC2Y4vKQdiaUpFT4bXlb1RHhLpp8wtm6M5TgSw=="],

    "undici-types": ["undici-types@7.16.0", "", {}, "sha512-Zz+aZWSj8LE6zoxD+xrjh4VfkIG8Ya6LvYkZqtUQGJPZjYl53ypCaUwWqo7eI0x66KBGeRo+mlBEkMSeSZ38Nw=="],

    "bun-types/@types/node": ["@types/node@20.19.23", "", { "dependencies": { "undici-types": "~6.21.0" } }, "sha512-yIdlVVVHXpmqRhtyovZAcSy0MiPcYWGkoO4CGe/+jpP0hmNuihm4XhHbADpK++MsiLHP5MVlv+bcgdF99kSiFQ=="],

    "bun-types/@types/node/undici-types": ["undici-types@6.21.0", "", {}, "sha512-iwDZqg0QAGrg9Rav5H4n0M64c3mkR59cJ6wQp+7C4nI0gsmExaedaYLNO44eT4AtBBwjbTiGPMlt2Md0T9H9JQ=="],
  }
}
